{
  archiveVersion = 1;
  classes = {};
  objectVersion = 46;
  objects = {
    2C18F0B415DC1DC700593670 = {isa = PBXFileReference; fileEncoding = 4; explicitFileType = sourcecode.c.c; path = CMakeCCompilerId.c; sourceTree = "<group>"; };
    FE870E28DC2371E7ACA886F03F460581 = {isa = PBXFileReference; explicitFileType = text.xcconfig; name = "Something.xcconfig"; path = "Configurations/Something.xcconfig"; sourceTree = "<group>"; };
    78452DDA02BFEF5D6BA29AEFB4B1266A = {isa = PBXGroup; children = (FE870E28DC2371E7ACA886F03F460581,); name = Configurations; sourceTree = "<group>"; };
    49FBBF861C10C2A200A1A4BB = {isa = PBXProject; buildConfigurationList = 49FBBF891C10C2A200A1A4BB; compatibilityVersion = "Xcode 3.2"; hasScannedForEncodings = 0; mainGroup = 49FBBF851C10C2A200A1A4BB; productRefGroup = 49FBBF8F1C10C2A200A1A4BB; projectDirPath = ""; projectRoot = ""; targets = (49FBBF8D1C10C2A200A1A4BB, 4973659B1C19BC6E00837617,); };
    49FBBF951C10C2A200A1A4BB = {isa = PBXVariantGroup; children = (49FBBF961C10C2A200A1A4BB,); name = Main.storyboard; sourceTree = "<group>"; };
    49FBBF9A1C10C2A200A1A4BB = {isa = PBXVariantGroup; children = (49FBBF9B1C10C2A200A1A4BB,); name = LaunchScreen.storyboard; sourceTree = "<group>"; };
    497365A41C19BC6E00837617 = {isa = XCBuildConfiguration; baseConfigurationReference = 274E42B0193BA6FEFA8FD71C; buildSettings = { FRAMEWORK_SEARCH_PATHS = ("$(inherited)", "$(PROJECT_DIR)/build/Debug-iphoneos",); }; name = Debug; };
    49FBBFB61C10C2A200A1A4BB = {isa = XCConfigurationList; buildConfigurations = (49FBBFB71C10C2A200A1A4BB, 49FBBFB81C10C2A200A1A4BB,); defaultConfigurationIsVisible = 0; defaultConfigurationName = Release; };
  };
  rootObject = 49FBBF861C10C2A200A1A4BB;
}
